<?xml version="1.0" encoding="utf-8"?>
<Project ToolsVersion="4.0" xmlns="http://schemas.microsoft.com/developer/msbuild/2003">
  <ItemGroup>
    <Filter Include="Source Files">
      <UniqueIdentifier>{4FC737F1-C7A5-4376-A066-2A32D752A2FF}</UniqueIdentifier>
      <Extensions>cpp;c;cc;cxx;c++;def;odl;idl;hpj;bat;asm;asmx</Extensions>
    </Filter>
    <Filter Include="Header Files">
      <UniqueIdentifier>{93995380-89BD-4b04-88EB-625FBE52EBFB}</UniqueIdentifier>
      <Extensions>h;hh;hpp;hxx;h++;hm;inl;inc;ipp;xsd</Extensions>
    </Filter>
    <Filter Include="Resource Files">
      <UniqueIdentifier>{67DA6AB6-F800-4c08-8B7A-83BB121AAD01}</UniqueIdentifier>
      <Extensions>rc;ico;cur;bmp;dlg;rc2;rct;bin;rgs;gif;jpg;jpeg;jpe;resx;tiff;tif;png;wav;mfcribbon-ms</Extensions>
    </Filter>
  </ItemGroup>
  <ItemGroup>
    <ClCompile Include="main.cpp">
      <Filter>Source Files</Filter>
    </ClCompile>
    <ClCompile Include="PieChart.cpp">
      <Filter>Source Files</Filter>
    </ClCompile>
    <ClCompile Include="Add.cpp">
      <Filter>Source Files</Filter>
    </ClCompile>
    <ClCompile Include="begining.cpp">
      <Filter>Source Files</Filter>
    </ClCompile>
    <ClCompile Include="Kill.cpp">
      <Filter>Source Files</Filter>
    </ClCompile>
    <ClCompile Include="Equal.cpp">
      <Filter>Source Files</Filter>
    </ClCompile>
    <ClCompile Include="Richest.cpp">
      <Filter>Source Files</Filter>
    </ClCompile>
    <ClCompile Include="Find.cpp">
      <Filter>Source Files</Filter>
    </ClCompile>
    <ClCompile Include="Look_at_all_lifes.cpp">
      <Filter>Source Files</Filter>
    </ClCompile>
    <ClCompile Include="Loof_at_all.cpp">
      <Filter>Source Files</Filter>
    </ClCompile>
    <ClCompile Include="draw.cpp">
      <Filter>Source Files</Filter>
    </ClCompile>
    <ClCompile Include="menu.cpp">
      <Filter>Source Files</Filter>
    </ClCompile>
    <ClCompile Include="Helper.cpp">
      <Filter>Source Files</Filter>
    </ClCompile>
  </ItemGroup>
  <ItemGroup>
    <ClInclude Include="Common.hpp">
      <Filter>Source Files</Filter>
    </ClInclude>
    <ClInclude Include="PieChart.hpp">
      <Filter>Source Files</Filter>
    </ClInclude>
    <ClInclude Include="..\SFML-2.5.1\include\SFML\Graphics\Font.hpp">
      <Filter>Source Files</Filter>
    </ClInclude>
    <ClInclude Include="Add.h">
      <Filter>Header Files</Filter>
    </ClInclude>
    <ClInclude Include="Robber.h">
      <Filter>Header Files</Filter>
    </ClInclude>
    <ClInclude Include="Begining.h">
      <Filter>Header Files</Filter>
    </ClInclude>
    <ClInclude Include="Kill.h">
      <Filter>Header Files</Filter>
    </ClInclude>
    <ClInclude Include="Equal.h">
      <Filter>Header Files</Filter>
    </ClInclude>
    <ClInclude Include="Richest.h">
      <Filter>Header Files</Filter>
    </ClInclude>
    <ClInclude Include="Find.h">
      <Filter>Header Files</Filter>
    </ClInclude>
    <ClInclude Include="Look_at_all_lifes.h">
      <Filter>Header Files</Filter>
    </ClInclude>
    <ClInclude Include="Look_at_all.h">
      <Filter>Header Files</Filter>
    </ClInclude>
    <ClInclude Include="draw.h">
      <Filter>Header Files</Filter>
    </ClInclude>
    <ClInclude Include="menu.h">
      <Filter>Header Files</Filter>
    </ClInclude>
    <ClInclude Include="Helper.h">
      <Filter>Header Files</Filter>
    </ClInclude>
  </ItemGroup>
</Project>